// !$*UTF8*$!
{
	archiveVersion = 1;
	classes = {
	};
	objectVersion = 46;
	objects = {

/* Begin PBXBuildFile section */
		4364A5311EFF651600011EC8 /* AppDelegate.swift in Sources */ = {isa = PBXBuildFile; fileRef = 4364A5301EFF651600011EC8 /* AppDelegate.swift */; };
		4364A5391EFF651600011EC8 /* MyPurchases.xcdatamodeld in Sources */ = {isa = PBXBuildFile; fileRef = 4364A5371EFF651600011EC8 /* MyPurchases.xcdatamodeld */; };
		4364A53B1EFF651600011EC8 /* Assets.xcassets in Resources */ = {isa = PBXBuildFile; fileRef = 4364A53A1EFF651600011EC8 /* Assets.xcassets */; };
		4364A53E1EFF651600011EC8 /* LaunchScreen.storyboard in Resources */ = {isa = PBXBuildFile; fileRef = 4364A53C1EFF651600011EC8 /* LaunchScreen.storyboard */; };
		4364A5471EFF665100011EC8 /* MainVC.swift in Sources */ = {isa = PBXBuildFile; fileRef = 4364A5461EFF665100011EC8 /* MainVC.swift */; };
		4364A54A1EFF666C00011EC8 /* Main.storyboard in Resources */ = {isa = PBXBuildFile; fileRef = 4364A5491EFF666C00011EC8 /* Main.storyboard */; };
/* End PBXBuildFile section */

/* Begin PBXFileReference section */
		4364A52D1EFF651600011EC8 /* MyPurchases.app */ = {isa = PBXFileReference; explicitFileType = wrapper.application; includeInIndex = 0; path = MyPurchases.app; sourceTree = BUILT_PRODUCTS_DIR; };
		4364A5301EFF651600011EC8 /* AppDelegate.swift */ = {isa = PBXFileReference; lastKnownFileType = sourcecode.swift; path = AppDelegate.swift; sourceTree = "<group>"; };
		4364A5381EFF651600011EC8 /* MyPurchases.xcdatamodel */ = {isa = PBXFileReference; lastKnownFileType = wrapper.xcdatamodel; path = MyPurchases.xcdatamodel; sourceTree = "<group>"; };
		4364A53A1EFF651600011EC8 /* Assets.xcassets */ = {isa = PBXFileReference; lastKnownFileType = folder.assetcatalog; path = Assets.xcassets; sourceTree = "<group>"; };
		4364A53D1EFF651600011EC8 /* Base */ = {isa = PBXFileReference; lastKnownFileType = file.storyboard; name = Base; path = Base.lproj/LaunchScreen.storyboard; sourceTree = "<group>"; };
		4364A53F1EFF651600011EC8 /* Info.plist */ = {isa = PBXFileReference; lastKnownFileType = text.plist.xml; path = Info.plist; sourceTree = "<group>"; };
		4364A5461EFF665100011EC8 /* MainVC.swift */ = {isa = PBXFileReference; fileEncoding = 4; lastKnownFileType = sourcecode.swift; path = MainVC.swift; sourceTree = "<group>"; };
		4364A5491EFF666C00011EC8 /* Main.storyboard */ = {isa = PBXFileReference; fileEncoding = 4; lastKnownFileType = file.storyboard; path = Main.storyboard; sourceTree = "<group>"; };
/* End PBXFileReference section */

/* Begin PBXFrameworksBuildPhase section */
		4364A52A1EFF651600011EC8 /* Frameworks */ = {
			isa = PBXFrameworksBuildPhase;
			buildActionMask = 2147483647;
			files = (
			);
			runOnlyForDeploymentPostprocessing = 0;
		};
/* End PBXFrameworksBuildPhase section */

/* Begin PBXGroup section */
		4364A5241EFF651600011EC8 = {
			isa = PBXGroup;
			children = (
				4364A52F1EFF651600011EC8 /* MyPurchases */,
				4364A52E1EFF651600011EC8 /* Products */,
			);
			sourceTree = "<group>";
		};
		4364A52E1EFF651600011EC8 /* Products */ = {
			isa = PBXGroup;
			children = (
				4364A52D1EFF651600011EC8 /* MyPurchases.app */,
			);
			name = Products;
			sourceTree = "<group>";
		};
		4364A52F1EFF651600011EC8 /* MyPurchases */ = {
			isa = PBXGroup;
			children = (
				4364A54B1EFF667800011EC8 /* Model */,
				4364A5481EFF666C00011EC8 /* View */,
				4364A5451EFF665100011EC8 /* Controller */,
				4364A5301EFF651600011EC8 /* AppDelegate.swift */,
				4364A53A1EFF651600011EC8 /* Assets.xcassets */,
				4364A53C1EFF651600011EC8 /* LaunchScreen.storyboard */,
				4364A53F1EFF651600011EC8 /* Info.plist */,
				4364A5371EFF651600011EC8 /* MyPurchases.xcdatamodeld */,
			);
			path = MyPurchases;
			sourceTree = "<group>";
		};
		4364A5451EFF665100011EC8 /* Controller */ = {
			isa = PBXGroup;
			children = (
				4364A5461EFF665100011EC8 /* MainVC.swift */,
			);
			path = Controller;
			sourceTree = "<group>";
		};
		4364A5481EFF666C00011EC8 /* View */ = {
			isa = PBXGroup;
			children = (
				4364A5491EFF666C00011EC8 /* Main.storyboard */,
			);
			path = View;
			sourceTree = "<group>";
		};
		4364A54B1EFF667800011EC8 /* Model */ = {
			isa = PBXGroup;
			children = (
			);
			path = Model;
			sourceTree = "<group>";
		};
/* End PBXGroup section */

/* Begin PBXNativeTarget section */
		4364A52C1EFF651600011EC8 /* MyPurchases */ = {
			isa = PBXNativeTarget;
			buildConfigurationList = 4364A5421EFF651600011EC8 /* Build configuration list for PBXNativeTarget "MyPurchases" */;
			buildPhases = (
				4364A5291EFF651600011EC8 /* Sources */,
				4364A52A1EFF651600011EC8 /* Frameworks */,
				4364A52B1EFF651600011EC8 /* Resources */,
			);
			buildRules = (
			);
			dependencies = (
			);
			name = MyPurchases;
			productName = MyPurchases;
			productReference = 4364A52D1EFF651600011EC8 /* MyPurchases.app */;
			productType = "com.apple.product-type.application";
		};
/* End PBXNativeTarget section */

/* Begin PBXProject section */
		4364A5251EFF651600011EC8 /* Project object */ = {
			isa = PBXProject;
			attributes = {
				LastSwiftUpdateCheck = 0830;
				LastUpgradeCheck = 0830;
				ORGANIZATIONNAME = Romulo;
				TargetAttributes = {
					4364A52C1EFF651600011EC8 = {
						CreatedOnToolsVersion = 8.3.3;
						DevelopmentTeam = HGQA42S68V;
						ProvisioningStyle = Automatic;
					};
				};
			};
			buildConfigurationList = 4364A5281EFF651600011EC8 /* Build configuration list for PBXProject "MyPurchases" */;
			compatibilityVersion = "Xcode 3.2";
			developmentRegion = English;
			hasScannedForEncodings = 0;
			knownRegions = (
				en,
				Base,
			);
			mainGroup = 4364A5241EFF651600011EC8;
			productRefGroup = 4364A52E1EFF651600011EC8 /* Products */;
			projectDirPath = "";
			projectRoot = "";
			targets = (
				4364A52C1EFF651600011EC8 /* MyPurchases */,
			);
		};
/* End PBXProject section */

/* Begin PBXResourcesBuildPhase section */
		4364A52B1EFF651600011EC8 /* Resources */ = {
			isa = PBXResourcesBuildPhase;
			buildActionMask = 2147483647;
			files = (
				4364A54A1EFF666C00011EC8 /* Main.storyboard in Resources */,
				4364A53E1EFF651600011EC8 /* LaunchScreen.storyboard in Resources */,
				4364A53B1EFF651600011EC8 /* Assets.xcassets in Resources */,
			);
			runOnlyForDeploymentPostprocessing = 0;
		};
/* End PBXResourcesBuildPhase section */

/* Begin PBXSourcesBuildPhase section */
		4364A5291EFF651600011EC8 /* Sources */ = {
			isa = PBXSourcesBuildPhase;
			buildActionMask = 2147483647;
			files = (
				4364A5311EFF651600011EC8 /* AppDelegate.swift in Sources */,
				4364A5471EFF665100011EC8 /* MainVC.swift in Sources */,
				4364A5391EFF651600011EC8 /* MyPurchases.xcdatamodeld in Sources */,
			);
			runOnlyForDeploymentPostprocessing = 0;
		};
/* End PBXSourcesBuildPhase section */

/* Begin PBXVariantGroup section */
		4364A53C1EFF651600011EC8 /* LaunchScreen.storyboard */ = {
			isa = PBXVariantGroup;
			children = (
				4364A53D1EFF651600011EC8 /* Base */,
			);
			name = LaunchScreen.storyboard;
			sourceTree = "<group>";
		};
/* End PBXVariantGroup section */

/* Begin XCBuildConfiguration section */
		4364A5401EFF651600011EC8 /* Debug */ = {
			isa = XCBuildConfiguration;
			buildSettings = {
				ALWAYS_SEARCH_USER_PATHS = NO;
				CLANG_ANALYZER_NONNULL = YES;
				CLANG_ANALYZER_NUMBER_OBJECT_CONVERSION = YES_AGGRESSIVE;
				CLANG_CXX_LANGUAGE_STANDARD = "gnu++0x";
				CLANG_CXX_LIBRARY = "libc++";
				CLANG_ENABLE_MODULES = YES;
				CLANG_ENABLE_OBJC_ARC = YES;
				CLANG_WARN_BOOL_CONVERSION = YES;
				CLANG_WARN_CONSTANT_CONVERSION = YES;
				CLANG_WARN_DIRECT_OBJC_ISA_USAGE = YES_ERROR;
				CLANG_WARN_DOCUMENTATION_COMMENTS = YES;
				CLANG_WARN_EMPTY_BODY = YES;
				CLANG_WARN_ENUM_CONVERSION = YES;
				CLANG_WARN_INFINITE_RECURSION = YES;
				CLANG_WARN_INT_CONVERSION = YES;
				CLANG_WARN_OBJC_ROOT_CLASS = YES_ERROR;
				CLANG_WARN_SUSPICIOUS_MOVE = YES;
				CLANG_WARN_UNREACHABLE_CODE = YES;
				CLANG_WARN__DUPLICATE_METHOD_MATCH = YES;
				"CODE_SIGN_IDENTITY[sdk=iphoneos*]" = "iPhone Developer";
				COPY_PHASE_STRIP = NO;
				DEBUG_INFORMATION_FORMAT = dwarf;
				ENABLE_STRICT_OBJC_MSGSEND = YES;
				ENABLE_TESTABILITY = YES;
				GCC_C_LANGUAGE_STANDARD = gnu99;
				GCC_DYNAMIC_NO_PIC = NO;
				GCC_NO_COMMON_BLOCKS = YES;
				GCC_OPTIMIZATION_LEVEL = 0;
				GCC_PREPROCESSOR_DEFINITIONS = (
					"DEBUG=1",
					"$(inherited)",
				);
				GCC_WARN_64_TO_32_BIT_CONVERSION = YES;
				GCC_WARN_ABOUT_RETURN_TYPE = YES_ERROR;
				GCC_WARN_UNDECLARED_SELECTOR = YES;
				GCC_WARN_UNINITIALIZED_AUTOS = YES_AGGRESSIVE;
				GCC_WARN_UNUSED_FUNCTION = YES;
				GCC_WARN_UNUSED_VARIABLE = YES;
				IPHONEOS_DEPLOYMENT_TARGET = 10.3;
				MTL_ENABLE_DEBUG_INFO = YES;
				ONLY_ACTIVE_ARCH = YES;
				SDKROOT = iphoneos;
				SWIFT_ACTIVE_COMPILATION_CONDITIONS = DEBUG;
				SWIFT_OPTIMIZATION_LEVEL = "-Onone";
				TARGETED_DEVICE_FAMILY = "1,2";
			};
			name = Debug;
		};
		4364A5411EFF651600011EC8 /* Release */ = {
			isa = XCBuildConfiguration;
			buildSettings = {
				ALWAYS_SEARCH_USER_PATHS = NO;
				CLANG_ANALYZER_NONNULL = YES;
				CLANG_ANALYZER_NUMBER_OBJECT_CONVERSION = YES_AGGRESSIVE;
				CLANG_CXX_LANGUAGE_STANDARD = "gnu++0x";
				CLANG_CXX_LIBRARY = "libc++";
				CLANG_ENABLE_MODULES = YES;
				CLANG_ENABLE_OBJC_ARC = YES;
				CLANG_WARN_BOOL_CONVERSION = YES;
				CLANG_WARN_CONSTANT_CONVERSION = YES;
				CLANG_WARN_DIRECT_OBJC_ISA_USAGE = YES_ERROR;
				CLANG_WARN_DOCUMENTATION_COMMENTS = YES;
				CLANG_WARN_EMPTY_BODY = YES;
				CLANG_WARN_ENUM_CONVERSION = YES;
				CLANG_WARN_INFINITE_RECURSION = YES;
				CLANG_WARN_INT_CONVERSION = YES;
				CLANG_WARN_OBJC_ROOT_CLASS = YES_ERROR;
				CLANG_WARN_SUSPICIOUS_MOVE = YES;
				CLANG_WARN_UNREACHABLE_CODE = YES;
				CLANG_WARN__DUPLICATE_METHOD_MATCH = YES;
				"CODE_SIGN_IDENTITY[sdk=iphoneos*]" = "iPhone Developer";
				COPY_PHASE_STRIP = NO;
				DEBUG_INFORMATION_FORMAT = "dwarf-with-dsym";
				ENABLE_NS_ASSERTIONS = NO;
				ENABLE_STRICT_OBJC_MSGSEND = YES;
				GCC_C_LANGUAGE_STANDARD = gnu99;
				GCC_NO_COMMON_BLOCKS = YES;
				GCC_WARN_64_TO_32_BIT_CONVERSION = YES;
				GCC_WARN_ABOUT_RETURN_TYPE = YES_ERROR;
				GCC_WARN_UNDECLARED_SELECTOR = YES;
				GCC_WARN_UNINITIALIZED_AUTOS = YES_AGGRESSIVE;
				GCC_WARN_UNUSED_FUNCTION = YES;
				GCC_WARN_UNUSED_VARIABLE = YES;
				IPHONEOS_DEPLOYMENT_TARGET = 10.3;
				MTL_ENABLE_DEBUG_INFO = NO;
				SDKROOT = iphoneos;
				SWIFT_OPTIMIZATION_LEVEL = "-Owholemodule";
				TARGETED_DEVICE_FAMILY = "1,2";
				VALIDATE_PRODUCT = YES;
			};
			name = Release;
		};
		4364A5431EFF651600011EC8 /* Debug */ = {
			isa = XCBuildConfiguration;
			buildSettings = {
				ASSETCATALOG_COMPILER_APPICON_NAME = AppIcon;
				DEVELOPMENT_TEAM = HGQA42S68V;
				INFOPLIST_FILE = MyPurchases/Info.plist;
				LD_RUNPATH_SEARCH_PATHS = "$(inherited) @executable_path/Frameworks";
				PRODUCT_BUNDLE_IDENTIFIER = br.com.MyPurchases;
				PRODUCT_NAME = "$(TARGET_NAME)";
				SWIFT_VERSION = 3.0;
			};
			name = Debug;
		};
		4364A5441EFF651600011EC8 /* Release */ = {
			isa = XCBuildConfiguration;
			buildSettings = {
				ASSETCATALOG_COMPILER_APPICON_NAME = AppIcon;
				DEVELOPMENT_TEAM = HGQA42S68V;
				INFOPLIST_FILE = MyPurchases/Info.plist;
				LD_RUNPATH_SEARCH_PATHS = "$(inherited) @executable_path/Frameworks";
				PRODUCT_BUNDLE_IDENTIFIER = br.com.MyPurchases;
				PRODUCT_NAME = "$(TARGET_NAME)";
				SWIFT_VERSION = 3.0;
			};
			name = Release;
		};
/* End XCBuildConfiguration section */

/* Begin XCConfigurationList section */
		4364A5281EFF651600011EC8 /* Build configuration list for PBXProject "MyPurchases" */ = {
			isa = XCConfigurationList;
			buildConfigurations = (
				4364A5401EFF651600011EC8 /* Debug */,
				4364A5411EFF651600011EC8 /* Release */,
			);
			defaultConfigurationIsVisible = 0;
			defaultConfigurationName = Release;
		};
		4364A5421EFF651600011EC8 /* Build configuration list for PBXNativeTarget "MyPurchases" */ = {
			isa = XCConfigurationList;
			buildConfigurations = (
				4364A5431EFF651600011EC8 /* Debug */,
				4364A5441EFF651600011EC8 /* Release */,
			);
			defaultConfigurationIsVisible = 0;
			defaultConfigurationName = Release;
		};
/* End XCConfigurationList section */

/* Begin XCVersionGroup section */
		4364A5371EFF651600011EC8 /* MyPurchases.xcdatamodeld */ = {
			isa = XCVersionGroup;
			children = (
				4364A5381EFF651600011EC8 /* MyPurchases.xcdatamodel */,
			);
			currentVersion = 4364A5381EFF651600011EC8 /* MyPurchases.xcdatamodel */;
			path = MyPurchases.xcdatamodeld;
			sourceTree = "<group>";
			versionGroupType = wrapper.xcdatamodel;
		};
/* End XCVersionGroup section */
	};
	rootObject = 4364A5251EFF651600011EC8 /* Project object */;
}
